
Microsoft Visual Studio Solution File, Format Version 12.00
# Visual Studio Version 17
VisualStudioVersion = 17.11.35327.3
MinimumVisualStudioVersion = 10.0.40219.1
Project("{9A19103F-16F7-4668-BE54-9A1E7A4F7556}") = "ErrorHandling", "ErrorHandling\ErrorHandling.csproj", "{66FAF276-533D-4733-AB2E-A9905D678CF6}"
EndProject
Project("{9A19103F-16F7-4668-BE54-9A1E7A4F7556}") = "BitmapSaver", "BitmapSavers\BitmapSaver.csproj", "{FFA298CC-A246-4131-948E-BF373212138D}"
EndProject
Project("{9A19103F-16F7-4668-BE54-9A1E7A4F7556}") = "ConsoleClient", "ConsoleClient\ConsoleClient.csproj", "{260E3CD6-3E29-449E-9C66-1D8DF9690145}"
EndProject
Project("{9A19103F-16F7-4668-BE54-9A1E7A4F7556}") = "TagCloud", "TagCloud\TagCloud.csproj", "{3BF60078-3412-46A8-8542-A2F0F7B6E9D0}"
EndProject
Project("{9A19103F-16F7-4668-BE54-9A1E7A4F7556}") = "Tests", "Tests\Tests.csproj", "{D360D5BD-DFB8-4033-9F0D-76ACBA7B86A2}"
EndProject
Project("{9A19103F-16F7-4668-BE54-9A1E7A4F7556}") = "WordHandlers", "WordHandlers\WordHandlers.csproj", "{8691AC10-C7F2-4F65-96D0-F54980ED3C22}"
EndProject
Project("{9A19103F-16F7-4668-BE54-9A1E7A4F7556}") = "WordReaders", "WordReaders\WordReaders.csproj", "{47018944-100E-4956-B68B-1FFF3740AEE7}"
EndProject
Global
	GlobalSection(SolutionConfigurationPlatforms) = preSolution
		Debug|Any CPU = Debug|Any CPU
		Release|Any CPU = Release|Any CPU
	EndGlobalSection
	GlobalSection(ProjectConfigurationPlatforms) = postSolution
		{66FAF276-533D-4733-AB2E-A9905D678CF6}.Debug|Any CPU.ActiveCfg = Debug|Any CPU
		{66FAF276-533D-4733-AB2E-A9905D678CF6}.Debug|Any CPU.Build.0 = Debug|Any CPU
		{66FAF276-533D-4733-AB2E-A9905D678CF6}.Release|Any CPU.ActiveCfg = Release|Any CPU
		{66FAF276-533D-4733-AB2E-A9905D678CF6}.Release|Any CPU.Build.0 = Release|Any CPU
		{FFA298CC-A246-4131-948E-BF373212138D}.Debug|Any CPU.ActiveCfg = Debug|Any CPU
		{FFA298CC-A246-4131-948E-BF373212138D}.Debug|Any CPU.Build.0 = Debug|Any CPU
		{FFA298CC-A246-4131-948E-BF373212138D}.Release|Any CPU.ActiveCfg = Release|Any CPU
		{FFA298CC-A246-4131-948E-BF373212138D}.Release|Any CPU.Build.0 = Release|Any CPU
		{260E3CD6-3E29-449E-9C66-1D8DF9690145}.Debug|Any CPU.ActiveCfg = Debug|Any CPU
		{260E3CD6-3E29-449E-9C66-1D8DF9690145}.Debug|Any CPU.Build.0 = Debug|Any CPU
		{260E3CD6-3E29-449E-9C66-1D8DF9690145}.Release|Any CPU.ActiveCfg = Release|Any CPU
		{260E3CD6-3E29-449E-9C66-1D8DF9690145}.Release|Any CPU.Build.0 = Release|Any CPU
		{3BF60078-3412-46A8-8542-A2F0F7B6E9D0}.Debug|Any CPU.ActiveCfg = Debug|Any CPU
		{3BF60078-3412-46A8-8542-A2F0F7B6E9D0}.Debug|Any CPU.Build.0 = Debug|Any CPU
		{3BF60078-3412-46A8-8542-A2F0F7B6E9D0}.Release|Any CPU.ActiveCfg = Release|Any CPU
		{3BF60078-3412-46A8-8542-A2F0F7B6E9D0}.Release|Any CPU.Build.0 = Release|Any CPU
		{D360D5BD-DFB8-4033-9F0D-76ACBA7B86A2}.Debug|Any CPU.ActiveCfg = Debug|Any CPU
		{D360D5BD-DFB8-4033-9F0D-76ACBA7B86A2}.Debug|Any CPU.Build.0 = Debug|Any CPU
		{D360D5BD-DFB8-4033-9F0D-76ACBA7B86A2}.Release|Any CPU.ActiveCfg = Release|Any CPU
		{D360D5BD-DFB8-4033-9F0D-76ACBA7B86A2}.Release|Any CPU.Build.0 = Release|Any CPU
		{8691AC10-C7F2-4F65-96D0-F54980ED3C22}.Debug|Any CPU.ActiveCfg = Debug|Any CPU
		{8691AC10-C7F2-4F65-96D0-F54980ED3C22}.Debug|Any CPU.Build.0 = Debug|Any CPU
		{8691AC10-C7F2-4F65-96D0-F54980ED3C22}.Release|Any CPU.ActiveCfg = Release|Any CPU
		{8691AC10-C7F2-4F65-96D0-F54980ED3C22}.Release|Any CPU.Build.0 = Release|Any CPU
		{47018944-100E-4956-B68B-1FFF3740AEE7}.Debug|Any CPU.ActiveCfg = Debug|Any CPU
		{47018944-100E-4956-B68B-1FFF3740AEE7}.Debug|Any CPU.Build.0 = Debug|Any CPU
		{47018944-100E-4956-B68B-1FFF3740AEE7}.Release|Any CPU.ActiveCfg = Release|Any CPU
		{47018944-100E-4956-B68B-1FFF3740AEE7}.Release|Any CPU.Build.0 = Release|Any CPU
	EndGlobalSection
	GlobalSection(SolutionProperties) = preSolution
		HideSolutionNode = FALSE
	EndGlobalSection
	GlobalSection(ExtensibilityGlobals) = postSolution
		SolutionGuid = {4782C8BD-1FD6-43DD-BE73-6EB7646D791F}
	EndGlobalSection
EndGlobal
